
Microsoft Visual Studio Solution File, Format Version 12.00
# Visual Studio 2012
Project("{FAE04EC0-301F-11D3-BF4B-00C04F79EFBC}") = "1-LeapYear", "ConsoleApplication1\1-LeapYear.csproj", "{10F04B5F-24CB-42B7-9C5A-029F597E59B2}"
EndProject
Project("{FAE04EC0-301F-11D3-BF4B-00C04F79EFBC}") = "2-RandomNums", "2-RandomNums\2-RandomNums.csproj", "{DFB51C49-1CB9-46B3-85B1-C3C69DE6EBAD}"
EndProject
Project("{FAE04EC0-301F-11D3-BF4B-00C04F79EFBC}") = "3-DayWeek", "3-DayWeek\3-DayWeek.csproj", "{BFB5B12B-A894-4204-8091-831448A9B862}"
EndProject
Project("{FAE04EC0-301F-11D3-BF4B-00C04F79EFBC}") = "4-TriangleSurface", "4-TriangleSurface\4-TriangleSurface.csproj", "{529F35E0-C618-489F-91CD-054A4E4BC349}"
EndProject
Project("{FAE04EC0-301F-11D3-BF4B-00C04F79EFBC}") = "5-Workdays", "5-Workdays\5-Workdays.csproj", "{D471FB68-3A96-451D-9397-1E7D968E559A}"
EndProject
Project("{FAE04EC0-301F-11D3-BF4B-00C04F79EFBC}") = "6-SumFromString", "6-SumFromString\6-SumFromString.csproj", "{190BC01B-2ADC-442C-87A2-664432244564}"
EndProject
Project("{FAE04EC0-301F-11D3-BF4B-00C04F79EFBC}") = "7-ValueOfExpression", "7-ValueOfExpression\7-ValueOfExpression.csproj", "{56A10F6E-F8C8-40AF-B547-3DD264246FDA}"
EndProject
Global
	GlobalSection(SolutionConfigurationPlatforms) = preSolution
		Debug|Any CPU = Debug|Any CPU
		Release|Any CPU = Release|Any CPU
	EndGlobalSection
	GlobalSection(ProjectConfigurationPlatforms) = postSolution
		{10F04B5F-24CB-42B7-9C5A-029F597E59B2}.Debug|Any CPU.ActiveCfg = Debug|Any CPU
		{10F04B5F-24CB-42B7-9C5A-029F597E59B2}.Debug|Any CPU.Build.0 = Debug|Any CPU
		{10F04B5F-24CB-42B7-9C5A-029F597E59B2}.Release|Any CPU.ActiveCfg = Release|Any CPU
		{10F04B5F-24CB-42B7-9C5A-029F597E59B2}.Release|Any CPU.Build.0 = Release|Any CPU
		{DFB51C49-1CB9-46B3-85B1-C3C69DE6EBAD}.Debug|Any CPU.ActiveCfg = Debug|Any CPU
		{DFB51C49-1CB9-46B3-85B1-C3C69DE6EBAD}.Debug|Any CPU.Build.0 = Debug|Any CPU
		{DFB51C49-1CB9-46B3-85B1-C3C69DE6EBAD}.Release|Any CPU.ActiveCfg = Release|Any CPU
		{DFB51C49-1CB9-46B3-85B1-C3C69DE6EBAD}.Release|Any CPU.Build.0 = Release|Any CPU
		{BFB5B12B-A894-4204-8091-831448A9B862}.Debug|Any CPU.ActiveCfg = Debug|Any CPU
		{BFB5B12B-A894-4204-8091-831448A9B862}.Debug|Any CPU.Build.0 = Debug|Any CPU
		{BFB5B12B-A894-4204-8091-831448A9B862}.Release|Any CPU.ActiveCfg = Release|Any CPU
		{BFB5B12B-A894-4204-8091-831448A9B862}.Release|Any CPU.Build.0 = Release|Any CPU
		{529F35E0-C618-489F-91CD-054A4E4BC349}.Debug|Any CPU.ActiveCfg = Debug|Any CPU
		{529F35E0-C618-489F-91CD-054A4E4BC349}.Debug|Any CPU.Build.0 = Debug|Any CPU
		{529F35E0-C618-489F-91CD-054A4E4BC349}.Release|Any CPU.ActiveCfg = Release|Any CPU
		{529F35E0-C618-489F-91CD-054A4E4BC349}.Release|Any CPU.Build.0 = Release|Any CPU
		{D471FB68-3A96-451D-9397-1E7D968E559A}.Debug|Any CPU.ActiveCfg = Debug|Any CPU
		{D471FB68-3A96-451D-9397-1E7D968E559A}.Debug|Any CPU.Build.0 = Debug|Any CPU
		{D471FB68-3A96-451D-9397-1E7D968E559A}.Release|Any CPU.ActiveCfg = Release|Any CPU
		{D471FB68-3A96-451D-9397-1E7D968E559A}.Release|Any CPU.Build.0 = Release|Any CPU
		{190BC01B-2ADC-442C-87A2-664432244564}.Debug|Any CPU.ActiveCfg = Debug|Any CPU
		{190BC01B-2ADC-442C-87A2-664432244564}.Debug|Any CPU.Build.0 = Debug|Any CPU
		{190BC01B-2ADC-442C-87A2-664432244564}.Release|Any CPU.ActiveCfg = Release|Any CPU
		{190BC01B-2ADC-442C-87A2-664432244564}.Release|Any CPU.Build.0 = Release|Any CPU
		{56A10F6E-F8C8-40AF-B547-3DD264246FDA}.Debug|Any CPU.ActiveCfg = Debug|Any CPU
		{56A10F6E-F8C8-40AF-B547-3DD264246FDA}.Debug|Any CPU.Build.0 = Debug|Any CPU
		{56A10F6E-F8C8-40AF-B547-3DD264246FDA}.Release|Any CPU.ActiveCfg = Release|Any CPU
		{56A10F6E-F8C8-40AF-B547-3DD264246FDA}.Release|Any CPU.Build.0 = Release|Any CPU
	EndGlobalSection
	GlobalSection(SolutionProperties) = preSolution
		HideSolutionNode = FALSE
	EndGlobalSection
EndGlobal
